
Microsoft Visual Studio Solution File, Format Version 12.00
# Visual Studio Version 16
VisualStudioVersion = 16.0.30204.135
MinimumVisualStudioVersion = 10.0.40219.1
Project("{FAE04EC0-301F-11D3-BF4B-00C04F79EFBC}") = "Publisher", "Publisher\Publisher.csproj", "{6AE1F0E8-34AD-442A-97FC-7557F9A6E417}"
EndProject
Project("{FAE04EC0-301F-11D3-BF4B-00C04F79EFBC}") = "Publisher.Core", "Publisher.Core\Publisher.Core.csproj", "{E2E25C38-2CE4-4A68-A949-0089B11931FA}"
EndProject
Global
	GlobalSection(SolutionConfigurationPlatforms) = preSolution
		Debug|Any CPU = Debug|Any CPU
		Release|Any CPU = Release|Any CPU
	EndGlobalSection
	GlobalSection(ProjectConfigurationPlatforms) = postSolution
		{6AE1F0E8-34AD-442A-97FC-7557F9A6E417}.Debug|Any CPU.ActiveCfg = Debug|Any CPU
		{6AE1F0E8-34AD-442A-97FC-7557F9A6E417}.Debug|Any CPU.Build.0 = Debug|Any CPU
		{6AE1F0E8-34AD-442A-97FC-7557F9A6E417}.Release|Any CPU.ActiveCfg = Release|Any CPU
		{6AE1F0E8-34AD-442A-97FC-7557F9A6E417}.Release|Any CPU.Build.0 = Release|Any CPU
		{E2E25C38-2CE4-4A68-A949-0089B11931FA}.Debug|Any CPU.ActiveCfg = Debug|Any CPU
		{E2E25C38-2CE4-4A68-A949-0089B11931FA}.Debug|Any CPU.Build.0 = Debug|Any CPU
		{E2E25C38-2CE4-4A68-A949-0089B11931FA}.Release|Any CPU.ActiveCfg = Release|Any CPU
		{E2E25C38-2CE4-4A68-A949-0089B11931FA}.Release|Any CPU.Build.0 = Release|Any CPU
	EndGlobalSection
	GlobalSection(SolutionProperties) = preSolution
		HideSolutionNode = FALSE
	EndGlobalSection
	GlobalSection(ExtensibilityGlobals) = postSolution
		SolutionGuid = {7515D06F-0119-43B4-AE10-98B57C1008EC}
	EndGlobalSection
EndGlobal
